
Microsoft Visual Studio Solution File, Format Version 12.00
# Visual Studio Version 16
VisualStudioVersion = 16.0.31205.134
MinimumVisualStudioVersion = 10.0.40219.1
Project("{FAE04EC0-301F-11D3-BF4B-00C04F79EFBC}") = "PreProcess", "PreProcess.csproj", "{CAD6F7BD-98E6-4BD6-8A48-B0A9A77FC10E}"
EndProject
Global
	GlobalSection(SolutionConfigurationPlatforms) = preSolution
		Debug|Any CPU = Debug|Any CPU
		Release|Any CPU = Release|Any CPU
	EndGlobalSection
	GlobalSection(ProjectConfigurationPlatforms) = postSolution
		{CAD6F7BD-98E6-4BD6-8A48-B0A9A77FC10E}.Debug|Any CPU.ActiveCfg = Debug|Any CPU
		{CAD6F7BD-98E6-4BD6-8A48-B0A9A77FC10E}.Debug|Any CPU.Build.0 = Debug|Any CPU
		{CAD6F7BD-98E6-4BD6-8A48-B0A9A77FC10E}.Release|Any CPU.ActiveCfg = Release|Any CPU
		{CAD6F7BD-98E6-4BD6-8A48-B0A9A77FC10E}.Release|Any CPU.Build.0 = Release|Any CPU
	EndGlobalSection
	GlobalSection(SolutionProperties) = preSolution
		HideSolutionNode = FALSE
	EndGlobalSection
	GlobalSection(ExtensibilityGlobals) = postSolution
		SolutionGuid = {3E312B98-CE51-413F-9D57-3A2FC9126E92}
	EndGlobalSection
EndGlobal
